
Microsoft Visual Studio Solution File, Format Version 12.00
# Visual Studio Version 17
VisualStudioVersion = 17.10.35013.160
MinimumVisualStudioVersion = 10.0.40219.1
Project("{FAE04EC0-301F-11D3-BF4B-00C04F79EFBC}") = "lista_doblemente_enlazada", "lista_doblemente_enlazada\lista_doblemente_enlazada.csproj", "{5A59BE02-E839-458B-95D6-1DEF0B3B430E}"
EndProject
Global
	GlobalSection(SolutionConfigurationPlatforms) = preSolution
		Debug|Any CPU = Debug|Any CPU
		Release|Any CPU = Release|Any CPU
	EndGlobalSection
	GlobalSection(ProjectConfigurationPlatforms) = postSolution
		{5A59BE02-E839-458B-95D6-1DEF0B3B430E}.Debug|Any CPU.ActiveCfg = Debug|Any CPU
		{5A59BE02-E839-458B-95D6-1DEF0B3B430E}.Debug|Any CPU.Build.0 = Debug|Any CPU
		{5A59BE02-E839-458B-95D6-1DEF0B3B430E}.Release|Any CPU.ActiveCfg = Release|Any CPU
		{5A59BE02-E839-458B-95D6-1DEF0B3B430E}.Release|Any CPU.Build.0 = Release|Any CPU
	EndGlobalSection
	GlobalSection(SolutionProperties) = preSolution
		HideSolutionNode = FALSE
	EndGlobalSection
	GlobalSection(ExtensibilityGlobals) = postSolution
		SolutionGuid = {F18F0A84-6604-4D29-8406-E7A0785CFA1D}
	EndGlobalSection
EndGlobal
